<?xml version="1.0" encoding="utf-8"?>
<Project ToolsVersion="4.0" xmlns="http://schemas.microsoft.com/developer/msbuild/2003">
  <ItemGroup>
    <Filter Include="源文件">
      <UniqueIdentifier>{4FC737F1-C7A5-4376-A066-2A32D752A2FF}</UniqueIdentifier>
      <Extensions>cpp;c;cc;cxx;def;odl;idl;hpj;bat;asm;asmx</Extensions>
    </Filter>
    <Filter Include="头文件">
      <UniqueIdentifier>{93995380-89BD-4b04-88EB-625FBE52EBFB}</UniqueIdentifier>
      <Extensions>h;hh;hpp;hxx;hm;inl;inc;ipp;xsd</Extensions>
    </Filter>
    <Filter Include="资源文件">
      <UniqueIdentifier>{67DA6AB6-F800-4c08-8B7A-83BB121AAD01}</UniqueIdentifier>
      <Extensions>rc;ico;cur;bmp;dlg;rc2;rct;bin;rgs;gif;jpg;jpeg;jpe;resx;tiff;tif;png;wav;mfcribbon-ms</Extensions>
    </Filter>
    <Filter Include="源文件\calibration">
      <UniqueIdentifier>{74799090-f1b3-4fff-9061-2488b76329c1}</UniqueIdentifier>
    </Filter>
    <Filter Include="源文件\feature">
      <UniqueIdentifier>{634492e8-8346-4584-b807-6ca054b897e7}</UniqueIdentifier>
    </Filter>
    <Filter Include="源文件\imageIO">
      <UniqueIdentifier>{3b7d3147-9247-42cc-84c2-ee91b9c2c273}</UniqueIdentifier>
    </Filter>
    <Filter Include="源文件\bundleAdjustment">
      <UniqueIdentifier>{10b61da9-f8c8-4284-9428-9ea760efb6a8}</UniqueIdentifier>
    </Filter>
    <Filter Include="源文件\multiView">
      <UniqueIdentifier>{86add174-7728-409a-ae98-e8da0c9a31ef}</UniqueIdentifier>
    </Filter>
    <Filter Include="源文件\sfm">
      <UniqueIdentifier>{d693ba9e-ddb9-43a6-be59-d705170c2b00}</UniqueIdentifier>
    </Filter>
    <Filter Include="源文件\feature\matcher">
      <UniqueIdentifier>{994a90b1-4837-42dd-875b-056d220640db}</UniqueIdentifier>
    </Filter>
    <Filter Include="源文件\feature\extracter">
      <UniqueIdentifier>{00caf84e-1ec1-4ff7-b9fb-9155e3a504f2}</UniqueIdentifier>
    </Filter>
  </ItemGroup>
  <ItemGroup>
    <ClCompile Include="BinocularVision.cpp">
      <Filter>源文件</Filter>
    </ClCompile>
    <ClCompile Include="myCalibration.cpp">
      <Filter>源文件\calibration</Filter>
    </ClCompile>
    <ClCompile Include="example.cpp">
      <Filter>源文件</Filter>
    </ClCompile>
    <ClCompile Include="calibration.cpp">
      <Filter>源文件\calibration</Filter>
    </ClCompile>
    <ClCompile Include="patternDetect.cpp">
      <Filter>源文件\calibration</Filter>
    </ClCompile>
    <ClCompile Include="evaluateImages.cpp">
      <Filter>源文件\calibration</Filter>
    </ClCompile>
    <ClCompile Include="saveResult.cpp">
      <Filter>源文件\calibration</Filter>
    </ClCompile>
    <ClCompile Include="image.cpp">
      <Filter>源文件\imageIO</Filter>
    </ClCompile>
    <ClCompile Include="calibration_test.h">
      <Filter>源文件\calibration</Filter>
    </ClCompile>
    <ClCompile Include="stereo.cpp">
      <Filter>源文件\multiView</Filter>
    </ClCompile>
    <ClCompile Include="projection.cpp">
      <Filter>源文件\multiView</Filter>
    </ClCompile>
    <ClCompile Include="epipolar.cpp">
      <Filter>源文件\multiView</Filter>
    </ClCompile>
    <ClCompile Include="common.cpp">
      <Filter>源文件\multiView</Filter>
    </ClCompile>
    <ClCompile Include="sfmDataIO.cpp">
      <Filter>源文件\sfm</Filter>
    </ClCompile>
    <ClCompile Include="sfm.cpp">
      <Filter>源文件\sfm</Filter>
    </ClCompile>
    <ClCompile Include="bundleAduestment.cpp">
      <Filter>源文件\bundleAdjustment</Filter>
    </ClCompile>
    <ClCompile Include="matcherType.cpp">
      <Filter>源文件\feature\matcher</Filter>
    </ClCompile>
    <ClCompile Include="extractFeatures.cpp">
      <Filter>源文件\feature\extracter</Filter>
    </ClCompile>
    <ClCompile Include="extracterType.cpp">
      <Filter>源文件\feature\extracter</Filter>
    </ClCompile>
  </ItemGroup>
  <ItemGroup>
    <ClInclude Include="def.h">
      <Filter>头文件</Filter>
    </ClInclude>
    <ClInclude Include="extract_features.h">
      <Filter>头文件</Filter>
    </ClInclude>
    <ClInclude Include="calibration.h">
      <Filter>源文件\calibration</Filter>
    </ClInclude>
    <ClInclude Include="patternDetect.h">
      <Filter>源文件\calibration</Filter>
    </ClInclude>
    <ClInclude Include="myCalibration.h">
      <Filter>源文件\calibration</Filter>
    </ClInclude>
    <ClInclude Include="evaluateImages.h">
      <Filter>源文件\calibration</Filter>
    </ClInclude>
    <ClInclude Include="saveResult.h">
      <Filter>源文件\calibration</Filter>
    </ClInclude>
    <ClInclude Include="settings.h">
      <Filter>源文件\calibration</Filter>
    </ClInclude>
    <ClInclude Include="image.h">
      <Filter>源文件\imageIO</Filter>
    </ClInclude>
    <ClInclude Include="bundleAdjustment.h">
      <Filter>源文件\bundleAdjustment</Filter>
    </ClInclude>
    <ClInclude Include="projection.h">
      <Filter>源文件\multiView</Filter>
    </ClInclude>
    <ClInclude Include="epipolar.h">
      <Filter>源文件\multiView</Filter>
    </ClInclude>
    <ClInclude Include="stereo.h">
      <Filter>源文件\multiView</Filter>
    </ClInclude>
    <ClInclude Include="common.h">
      <Filter>源文件\multiView</Filter>
    </ClInclude>
    <ClInclude Include="sfm.h">
      <Filter>源文件\sfm</Filter>
    </ClInclude>
    <ClInclude Include="sfmDataIO.h">
      <Filter>源文件\sfm</Filter>
    </ClInclude>
    <ClInclude Include="matcherType.h">
      <Filter>源文件\feature\matcher</Filter>
    </ClInclude>
    <ClInclude Include="matcher.h">
      <Filter>源文件\feature\matcher</Filter>
    </ClInclude>
    <ClInclude Include="matcher_knn.h">
      <Filter>源文件\feature\matcher</Filter>
    </ClInclude>
    <ClInclude Include="matcher_bruteForce.h">
      <Filter>源文件\feature\matcher</Filter>
    </ClInclude>
    <ClInclude Include="extracterType.h">
      <Filter>源文件\feature\extracter</Filter>
    </ClInclude>
    <ClInclude Include="extracter.h">
      <Filter>源文件\feature\extracter</Filter>
    </ClInclude>
    <ClInclude Include="extracter_sift.h">
      <Filter>源文件\feature\extracter</Filter>
    </ClInclude>
  </ItemGroup>
</Project>